
Microsoft Visual Studio Solution File, Format Version 12.00
# Visual Studio Version 16
VisualStudioVersion = 25.0.1705.6
MinimumVisualStudioVersion = 10.0.40219.1
Project("{FAE04EC0-301F-11D3-BF4B-00C04F79EFBC}") = "sse-example", "sse-testing\sse-example.csproj", "{33B0E04E-2360-4738-BD7C-29B844083F2F}"
EndProject
Project("{FAE04EC0-301F-11D3-BF4B-00C04F79EFBC}") = "sse-example-test", "sse-testing-testproj\sse-example-test.csproj", "{A39DE879-F1ED-442E-88CD-C144C3900566}"
EndProject
Global
	GlobalSection(SolutionConfigurationPlatforms) = preSolution
		Debug|Any CPU = Debug|Any CPU
		Release|Any CPU = Release|Any CPU
	EndGlobalSection
	GlobalSection(ProjectConfigurationPlatforms) = postSolution
		{33B0E04E-2360-4738-BD7C-29B844083F2F}.Debug|Any CPU.ActiveCfg = Debug|Any CPU
		{33B0E04E-2360-4738-BD7C-29B844083F2F}.Debug|Any CPU.Build.0 = Debug|Any CPU
		{33B0E04E-2360-4738-BD7C-29B844083F2F}.Release|Any CPU.ActiveCfg = Release|Any CPU
		{33B0E04E-2360-4738-BD7C-29B844083F2F}.Release|Any CPU.Build.0 = Release|Any CPU
		{A39DE879-F1ED-442E-88CD-C144C3900566}.Debug|Any CPU.ActiveCfg = Debug|Any CPU
		{A39DE879-F1ED-442E-88CD-C144C3900566}.Debug|Any CPU.Build.0 = Debug|Any CPU
		{A39DE879-F1ED-442E-88CD-C144C3900566}.Release|Any CPU.ActiveCfg = Release|Any CPU
		{A39DE879-F1ED-442E-88CD-C144C3900566}.Release|Any CPU.Build.0 = Release|Any CPU
	EndGlobalSection
	GlobalSection(SolutionProperties) = preSolution
		HideSolutionNode = FALSE
	EndGlobalSection
	GlobalSection(ExtensibilityGlobals) = postSolution
		SolutionGuid = {2152F07F-57A4-4E6C-B2A1-00CFA836DB9E}
	EndGlobalSection
EndGlobal
